
Microsoft Visual Studio Solution File, Format Version 12.00
# Visual Studio Version 17
VisualStudioVersion = 17.0.32112.339
MinimumVisualStudioVersion = 10.0.40219.1
Project("{FAE04EC0-301F-11D3-BF4B-00C04F79EFBC}") = "intelincApp", "intelincApp\intelincApp.csproj", "{5C581966-4044-48BF-AD54-04C7FBABC160}"
EndProject
Global
	GlobalSection(SolutionConfigurationPlatforms) = preSolution
		Debug|Any CPU = Debug|Any CPU
		Release|Any CPU = Release|Any CPU
	EndGlobalSection
	GlobalSection(ProjectConfigurationPlatforms) = postSolution
		{5C581966-4044-48BF-AD54-04C7FBABC160}.Debug|Any CPU.ActiveCfg = Debug|Any CPU
		{5C581966-4044-48BF-AD54-04C7FBABC160}.Debug|Any CPU.Build.0 = Debug|Any CPU
		{5C581966-4044-48BF-AD54-04C7FBABC160}.Release|Any CPU.ActiveCfg = Release|Any CPU
		{5C581966-4044-48BF-AD54-04C7FBABC160}.Release|Any CPU.Build.0 = Release|Any CPU
	EndGlobalSection
	GlobalSection(SolutionProperties) = preSolution
		HideSolutionNode = FALSE
	EndGlobalSection
	GlobalSection(ExtensibilityGlobals) = postSolution
		SolutionGuid = {5E4636DE-7205-49C5-B4B4-47B2B63AA187}
	EndGlobalSection
EndGlobal
